
Microsoft Visual Studio Solution File, Format Version 11.00
# Visual Studio 2010
Project("{FAE04EC0-301F-11D3-BF4B-00C04F79EFBC}") = "MaestroDriver", "MaestroDriver\MaestroDriver.csproj", "{4F3F5AC8-96A2-4BA1-A19B-F8B2B38A073F}"
EndProject
Project("{FAE04EC0-301F-11D3-BF4B-00C04F79EFBC}") = "Forseti-lib", "..\Forseti-lib\Forseti-lib\Forseti-lib.csproj", "{17DDD7AD-2289-4945-A150-D5609F591C20}"
EndProject
Global
	GlobalSection(SolutionConfigurationPlatforms) = preSolution
		Debug|x86 = Debug|x86
		Release|x86 = Release|x86
	EndGlobalSection
	GlobalSection(ProjectConfigurationPlatforms) = postSolution
		{17DDD7AD-2289-4945-A150-D5609F591C20}.Debug|x86.ActiveCfg = Debug|x86
		{17DDD7AD-2289-4945-A150-D5609F591C20}.Debug|x86.Build.0 = Debug|x86
		{17DDD7AD-2289-4945-A150-D5609F591C20}.Release|x86.ActiveCfg = Release|x86
		{17DDD7AD-2289-4945-A150-D5609F591C20}.Release|x86.Build.0 = Release|x86
		{4F3F5AC8-96A2-4BA1-A19B-F8B2B38A073F}.Debug|x86.ActiveCfg = Debug|x86
		{4F3F5AC8-96A2-4BA1-A19B-F8B2B38A073F}.Debug|x86.Build.0 = Debug|x86
		{4F3F5AC8-96A2-4BA1-A19B-F8B2B38A073F}.Release|x86.ActiveCfg = Release|x86
		{4F3F5AC8-96A2-4BA1-A19B-F8B2B38A073F}.Release|x86.Build.0 = Release|x86
	EndGlobalSection
	GlobalSection(MonoDevelopProperties) = preSolution
		StartupItem = MaestroDriver\MaestroDriver.csproj
	EndGlobalSection
EndGlobal
